
Microsoft Visual Studio Solution File, Format Version 12.00
# Visual Studio Version 17
VisualStudioVersion = 17.9.34701.34
MinimumVisualStudioVersion = 10.0.40219.1
Project("{FAE04EC0-301F-11D3-BF4B-00C04F79EFBC}") = "cecs475 lab3", "cecs475 lab3\cecs475 lab3.csproj", "{36999DC9-ACE5-4E34-99DA-41E15E72F7D1}"
EndProject
Global
	GlobalSection(SolutionConfigurationPlatforms) = preSolution
		Debug|Any CPU = Debug|Any CPU
		Release|Any CPU = Release|Any CPU
	EndGlobalSection
	GlobalSection(ProjectConfigurationPlatforms) = postSolution
		{36999DC9-ACE5-4E34-99DA-41E15E72F7D1}.Debug|Any CPU.ActiveCfg = Debug|Any CPU
		{36999DC9-ACE5-4E34-99DA-41E15E72F7D1}.Debug|Any CPU.Build.0 = Debug|Any CPU
		{36999DC9-ACE5-4E34-99DA-41E15E72F7D1}.Release|Any CPU.ActiveCfg = Release|Any CPU
		{36999DC9-ACE5-4E34-99DA-41E15E72F7D1}.Release|Any CPU.Build.0 = Release|Any CPU
	EndGlobalSection
	GlobalSection(SolutionProperties) = preSolution
		HideSolutionNode = FALSE
	EndGlobalSection
	GlobalSection(ExtensibilityGlobals) = postSolution
		SolutionGuid = {F9910B7F-FA73-44CB-B3F4-6BCF39CD909A}
	EndGlobalSection
EndGlobal
